
Microsoft Visual Studio Solution File, Format Version 12.00
# Visual Studio 15
VisualStudioVersion = 15.0.26228.9
MinimumVisualStudioVersion = 10.0.40219.1
Project("{FAE04EC0-301F-11D3-BF4B-00C04F79EFBC}") = "MyComicListApi", "MyComicListApi\MyComicListApi.csproj", "{6EFB2D4F-75FE-4442-9A61-F4D9FB69DAAF}"
EndProject
Global
	GlobalSection(SolutionConfigurationPlatforms) = preSolution
		Debug|Any CPU = Debug|Any CPU
		Release|Any CPU = Release|Any CPU
	EndGlobalSection
	GlobalSection(ProjectConfigurationPlatforms) = postSolution
		{6EFB2D4F-75FE-4442-9A61-F4D9FB69DAAF}.Debug|Any CPU.ActiveCfg = Debug|Any CPU
		{6EFB2D4F-75FE-4442-9A61-F4D9FB69DAAF}.Debug|Any CPU.Build.0 = Debug|Any CPU
		{6EFB2D4F-75FE-4442-9A61-F4D9FB69DAAF}.Release|Any CPU.ActiveCfg = Release|Any CPU
		{6EFB2D4F-75FE-4442-9A61-F4D9FB69DAAF}.Release|Any CPU.Build.0 = Release|Any CPU
	EndGlobalSection
	GlobalSection(SolutionProperties) = preSolution
		HideSolutionNode = FALSE
	EndGlobalSection
EndGlobal
